// !$*UTF8*$!
{
	archiveVersion = 1;
	classes = {
	};
	objectVersion = 50;
	objects = {

/* Begin PBXBuildFile section */
		FE23F1302647742000DECCEC /* FruitCardView.swift in Sources */ = {isa = PBXBuildFile; fileRef = FE23F12F2647742000DECCEC /* FruitCardView.swift */; };
		FE4A756A2648126600BF3CB6 /* StartButtonView.swift in Sources */ = {isa = PBXBuildFile; fileRef = FE4A75692648126600BF3CB6 /* StartButtonView.swift */; };
		FE4A756C264815CD00BF3CB6 /* OnboardingView.swift in Sources */ = {isa = PBXBuildFile; fileRef = FE4A756B264815CD00BF3CB6 /* OnboardingView.swift */; };
		FE4A756F264852C800BF3CB6 /* FruitModel.swift in Sources */ = {isa = PBXBuildFile; fileRef = FE4A756E264852C800BF3CB6 /* FruitModel.swift */; };
		FE4A7572264853AD00BF3CB6 /* FruitData.swift in Sources */ = {isa = PBXBuildFile; fileRef = FE4A7571264853AD00BF3CB6 /* FruitData.swift */; };
		FE7180D9265F3EFB00071C98 /* FruitDetailView.swift in Sources */ = {isa = PBXBuildFile; fileRef = FE7180D8265F3EFB00071C98 /* FruitDetailView.swift */; };
		FE7C89DE26685FE30026553B /* SourceLinkView.swift in Sources */ = {isa = PBXBuildFile; fileRef = FE7C89DD26685FE30026553B /* SourceLinkView.swift */; };
		FE86183D2662D26C00C81FD4 /* FruitHeaderView.swift in Sources */ = {isa = PBXBuildFile; fileRef = FE86183C2662D26C00C81FD4 /* FruitHeaderView.swift */; };
		FE98C4E2264E0F9D008FB9B2 /* FruitRowView.swift in Sources */ = {isa = PBXBuildFile; fileRef = FE98C4E1264E0F9D008FB9B2 /* FruitRowView.swift */; };
		FEB6A76926462D1A00E200BB /* FructusApp.swift in Sources */ = {isa = PBXBuildFile; fileRef = FEB6A76826462D1A00E200BB /* FructusApp.swift */; };
		FEB6A76B26462D1A00E200BB /* ContentView.swift in Sources */ = {isa = PBXBuildFile; fileRef = FEB6A76A26462D1A00E200BB /* ContentView.swift */; };
		FEB6A76D26462D1D00E200BB /* Assets.xcassets in Resources */ = {isa = PBXBuildFile; fileRef = FEB6A76C26462D1D00E200BB /* Assets.xcassets */; };
		FEB6A77026462D1D00E200BB /* Preview Assets.xcassets in Resources */ = {isa = PBXBuildFile; fileRef = FEB6A76F26462D1D00E200BB /* Preview Assets.xcassets */; };
/* End PBXBuildFile section */

/* Begin PBXFileReference section */
		FE23F12F2647742000DECCEC /* FruitCardView.swift */ = {isa = PBXFileReference; lastKnownFileType = sourcecode.swift; path = FruitCardView.swift; sourceTree = "<group>"; };
		FE4A75692648126600BF3CB6 /* StartButtonView.swift */ = {isa = PBXFileReference; lastKnownFileType = sourcecode.swift; path = StartButtonView.swift; sourceTree = "<group>"; };
		FE4A756B264815CD00BF3CB6 /* OnboardingView.swift */ = {isa = PBXFileReference; lastKnownFileType = sourcecode.swift; path = OnboardingView.swift; sourceTree = "<group>"; };
		FE4A756E264852C800BF3CB6 /* FruitModel.swift */ = {isa = PBXFileReference; lastKnownFileType = sourcecode.swift; path = FruitModel.swift; sourceTree = "<group>"; };
		FE4A7571264853AD00BF3CB6 /* FruitData.swift */ = {isa = PBXFileReference; lastKnownFileType = sourcecode.swift; path = FruitData.swift; sourceTree = "<group>"; };
		FE7180D8265F3EFB00071C98 /* FruitDetailView.swift */ = {isa = PBXFileReference; lastKnownFileType = sourcecode.swift; path = FruitDetailView.swift; sourceTree = "<group>"; };
		FE7C89DD26685FE30026553B /* SourceLinkView.swift */ = {isa = PBXFileReference; lastKnownFileType = sourcecode.swift; path = SourceLinkView.swift; sourceTree = "<group>"; };
		FE86183C2662D26C00C81FD4 /* FruitHeaderView.swift */ = {isa = PBXFileReference; lastKnownFileType = sourcecode.swift; path = FruitHeaderView.swift; sourceTree = "<group>"; };
		FE98C4E1264E0F9D008FB9B2 /* FruitRowView.swift */ = {isa = PBXFileReference; lastKnownFileType = sourcecode.swift; path = FruitRowView.swift; sourceTree = "<group>"; };
		FEB6A76526462D1A00E200BB /* Fructus.app */ = {isa = PBXFileReference; explicitFileType = wrapper.application; includeInIndex = 0; path = Fructus.app; sourceTree = BUILT_PRODUCTS_DIR; };
		FEB6A76826462D1A00E200BB /* FructusApp.swift */ = {isa = PBXFileReference; lastKnownFileType = sourcecode.swift; path = FructusApp.swift; sourceTree = "<group>"; };
		FEB6A76A26462D1A00E200BB /* ContentView.swift */ = {isa = PBXFileReference; lastKnownFileType = sourcecode.swift; path = ContentView.swift; sourceTree = "<group>"; };
		FEB6A76C26462D1D00E200BB /* Assets.xcassets */ = {isa = PBXFileReference; lastKnownFileType = folder.assetcatalog; path = Assets.xcassets; sourceTree = "<group>"; };
		FEB6A76F26462D1D00E200BB /* Preview Assets.xcassets */ = {isa = PBXFileReference; lastKnownFileType = folder.assetcatalog; path = "Preview Assets.xcassets"; sourceTree = "<group>"; };
		FEB6A77126462D1D00E200BB /* Info.plist */ = {isa = PBXFileReference; lastKnownFileType = text.plist.xml; path = Info.plist; sourceTree = "<group>"; };
/* End PBXFileReference section */

/* Begin PBXFrameworksBuildPhase section */
		FEB6A76226462D1A00E200BB /* Frameworks */ = {
			isa = PBXFrameworksBuildPhase;
			buildActionMask = 2147483647;
			files = (
			);
			runOnlyForDeploymentPostprocessing = 0;
		};
/* End PBXFrameworksBuildPhase section */

/* Begin PBXGroup section */
		FE23F12D264773AB00DECCEC /* App */ = {
			isa = PBXGroup;
			children = (
				FEB6A76826462D1A00E200BB /* FructusApp.swift */,
				FEB6A76A26462D1A00E200BB /* ContentView.swift */,
				FE4A756B264815CD00BF3CB6 /* OnboardingView.swift */,
				FE7180D8265F3EFB00071C98 /* FruitDetailView.swift */,
			);
			path = App;
			sourceTree = "<group>";
		};
		FE23F12E264773DA00DECCEC /* View */ = {
			isa = PBXGroup;
			children = (
				FE23F12F2647742000DECCEC /* FruitCardView.swift */,
				FE4A75692648126600BF3CB6 /* StartButtonView.swift */,
				FE98C4E1264E0F9D008FB9B2 /* FruitRowView.swift */,
				FE86183C2662D26C00C81FD4 /* FruitHeaderView.swift */,
				FE7C89DD26685FE30026553B /* SourceLinkView.swift */,
			);
			path = View;
			sourceTree = "<group>";
		};
		FE4A756D264852B000BF3CB6 /* Model */ = {
			isa = PBXGroup;
			children = (
				FE4A756E264852C800BF3CB6 /* FruitModel.swift */,
			);
			path = Model;
			sourceTree = "<group>";
		};
		FE4A75702648539700BF3CB6 /* Data */ = {
			isa = PBXGroup;
			children = (
				FE4A7571264853AD00BF3CB6 /* FruitData.swift */,
			);
			path = Data;
			sourceTree = "<group>";
		};
		FEB6A75C26462D1A00E200BB = {
			isa = PBXGroup;
			children = (
				FEB6A76726462D1A00E200BB /* Fructus */,
				FEB6A76626462D1A00E200BB /* Products */,
			);
			sourceTree = "<group>";
		};
		FEB6A76626462D1A00E200BB /* Products */ = {
			isa = PBXGroup;
			children = (
				FEB6A76526462D1A00E200BB /* Fructus.app */,
			);
			name = Products;
			sourceTree = "<group>";
		};
		FEB6A76726462D1A00E200BB /* Fructus */ = {
			isa = PBXGroup;
			children = (
				FE4A75702648539700BF3CB6 /* Data */,
				FE4A756D264852B000BF3CB6 /* Model */,
				FE23F12E264773DA00DECCEC /* View */,
				FE23F12D264773AB00DECCEC /* App */,
				FEB6A76C26462D1D00E200BB /* Assets.xcassets */,
				FEB6A77126462D1D00E200BB /* Info.plist */,
				FEB6A76E26462D1D00E200BB /* Preview Content */,
			);
			path = Fructus;
			sourceTree = "<group>";
		};
		FEB6A76E26462D1D00E200BB /* Preview Content */ = {
			isa = PBXGroup;
			children = (
				FEB6A76F26462D1D00E200BB /* Preview Assets.xcassets */,
			);
			path = "Preview Content";
			sourceTree = "<group>";
		};
/* End PBXGroup section */

/* Begin PBXNativeTarget section */
		FEB6A76426462D1A00E200BB /* Fructus */ = {
			isa = PBXNativeTarget;
			buildConfigurationList = FEB6A77426462D1D00E200BB /* Build configuration list for PBXNativeTarget "Fructus" */;
			buildPhases = (
				FEB6A76126462D1A00E200BB /* Sources */,
				FEB6A76226462D1A00E200BB /* Frameworks */,
				FEB6A76326462D1A00E200BB /* Resources */,
			);
			buildRules = (
			);
			dependencies = (
			);
			name = Fructus;
			productName = Fructus;
			productReference = FEB6A76526462D1A00E200BB /* Fructus.app */;
			productType = "com.apple.product-type.application";
		};
/* End PBXNativeTarget section */

/* Begin PBXProject section */
		FEB6A75D26462D1A00E200BB /* Project object */ = {
			isa = PBXProject;
			attributes = {
				LastSwiftUpdateCheck = 1240;
				LastUpgradeCheck = 1240;
				TargetAttributes = {
					FEB6A76426462D1A00E200BB = {
						CreatedOnToolsVersion = 12.4;
					};
				};
			};
			buildConfigurationList = FEB6A76026462D1A00E200BB /* Build configuration list for PBXProject "Fructus" */;
			compatibilityVersion = "Xcode 9.3";
			developmentRegion = en;
			hasScannedForEncodings = 0;
			knownRegions = (
				en,
				Base,
			);
			mainGroup = FEB6A75C26462D1A00E200BB;
			productRefGroup = FEB6A76626462D1A00E200BB /* Products */;
			projectDirPath = "";
			projectRoot = "";
			targets = (
				FEB6A76426462D1A00E200BB /* Fructus */,
			);
		};
/* End PBXProject section */

/* Begin PBXResourcesBuildPhase section */
		FEB6A76326462D1A00E200BB /* Resources */ = {
			isa = PBXResourcesBuildPhase;
			buildActionMask = 2147483647;
			files = (
				FEB6A77026462D1D00E200BB /* Preview Assets.xcassets in Resources */,
				FEB6A76D26462D1D00E200BB /* Assets.xcassets in Resources */,
			);
			runOnlyForDeploymentPostprocessing = 0;
		};
/* End PBXResourcesBuildPhase section */

/* Begin PBXSourcesBuildPhase section */
		FEB6A76126462D1A00E200BB /* Sources */ = {
			isa = PBXSourcesBuildPhase;
			buildActionMask = 2147483647;
			files = (
				FE4A7572264853AD00BF3CB6 /* FruitData.swift in Sources */,
				FE7C89DE26685FE30026553B /* SourceLinkView.swift in Sources */,
				FE23F1302647742000DECCEC /* FruitCardView.swift in Sources */,
				FE98C4E2264E0F9D008FB9B2 /* FruitRowView.swift in Sources */,
				FE4A756A2648126600BF3CB6 /* StartButtonView.swift in Sources */,
				FE7180D9265F3EFB00071C98 /* FruitDetailView.swift in Sources */,
				FEB6A76B26462D1A00E200BB /* ContentView.swift in Sources */,
				FE86183D2662D26C00C81FD4 /* FruitHeaderView.swift in Sources */,
				FE4A756C264815CD00BF3CB6 /* OnboardingView.swift in Sources */,
				FE4A756F264852C800BF3CB6 /* FruitModel.swift in Sources */,
				FEB6A76926462D1A00E200BB /* FructusApp.swift in Sources */,
			);
			runOnlyForDeploymentPostprocessing = 0;
		};
/* End PBXSourcesBuildPhase section */

/* Begin XCBuildConfiguration section */
		FEB6A77226462D1D00E200BB /* Debug */ = {
			isa = XCBuildConfiguration;
			buildSettings = {
				ALWAYS_SEARCH_USER_PATHS = NO;
				CLANG_ANALYZER_NONNULL = YES;
				CLANG_ANALYZER_NUMBER_OBJECT_CONVERSION = YES_AGGRESSIVE;
				CLANG_CXX_LANGUAGE_STANDARD = "gnu++14";
				CLANG_CXX_LIBRARY = "libc++";
				CLANG_ENABLE_MODULES = YES;
				CLANG_ENABLE_OBJC_ARC = YES;
				CLANG_ENABLE_OBJC_WEAK = YES;
				CLANG_WARN_BLOCK_CAPTURE_AUTORELEASING = YES;
				CLANG_WARN_BOOL_CONVERSION = YES;
				CLANG_WARN_COMMA = YES;
				CLANG_WARN_CONSTANT_CONVERSION = YES;
				CLANG_WARN_DEPRECATED_OBJC_IMPLEMENTATIONS = YES;
				CLANG_WARN_DIRECT_OBJC_ISA_USAGE = YES_ERROR;
				CLANG_WARN_DOCUMENTATION_COMMENTS = YES;
				CLANG_WARN_EMPTY_BODY = YES;
				CLANG_WARN_ENUM_CONVERSION = YES;
				CLANG_WARN_INFINITE_RECURSION = YES;
				CLANG_WARN_INT_CONVERSION = YES;
				CLANG_WARN_NON_LITERAL_NULL_CONVERSION = YES;
				CLANG_WARN_OBJC_IMPLICIT_RETAIN_SELF = YES;
				CLANG_WARN_OBJC_LITERAL_CONVERSION = YES;
				CLANG_WARN_OBJC_ROOT_CLASS = YES_ERROR;
				CLANG_WARN_QUOTED_INCLUDE_IN_FRAMEWORK_HEADER = YES;
				CLANG_WARN_RANGE_LOOP_ANALYSIS = YES;
				CLANG_WARN_STRICT_PROTOTYPES = YES;
				CLANG_WARN_SUSPICIOUS_MOVE = YES;
				CLANG_WARN_UNGUARDED_AVAILABILITY = YES_AGGRESSIVE;
				CLANG_WARN_UNREACHABLE_CODE = YES;
				CLANG_WARN__DUPLICATE_METHOD_MATCH = YES;
				COPY_PHASE_STRIP = NO;
				DEBUG_INFORMATION_FORMAT = dwarf;
				ENABLE_STRICT_OBJC_MSGSEND = YES;
				ENABLE_TESTABILITY = YES;
				GCC_C_LANGUAGE_STANDARD = gnu11;
				GCC_DYNAMIC_NO_PIC = NO;
				GCC_NO_COMMON_BLOCKS = YES;
				GCC_OPTIMIZATION_LEVEL = 0;
				GCC_PREPROCESSOR_DEFINITIONS = (
					"DEBUG=1",
					"$(inherited)",
				);
				GCC_WARN_64_TO_32_BIT_CONVERSION = YES;
				GCC_WARN_ABOUT_RETURN_TYPE = YES_ERROR;
				GCC_WARN_UNDECLARED_SELECTOR = YES;
				GCC_WARN_UNINITIALIZED_AUTOS = YES_AGGRESSIVE;
				GCC_WARN_UNUSED_FUNCTION = YES;
				GCC_WARN_UNUSED_VARIABLE = YES;
				IPHONEOS_DEPLOYMENT_TARGET = 14.4;
				MTL_ENABLE_DEBUG_INFO = INCLUDE_SOURCE;
				MTL_FAST_MATH = YES;
				ONLY_ACTIVE_ARCH = YES;
				SDKROOT = iphoneos;
				SWIFT_ACTIVE_COMPILATION_CONDITIONS = DEBUG;
				SWIFT_OPTIMIZATION_LEVEL = "-Onone";
			};
			name = Debug;
		};
		FEB6A77326462D1D00E200BB /* Release */ = {
			isa = XCBuildConfiguration;
			buildSettings = {
				ALWAYS_SEARCH_USER_PATHS = NO;
				CLANG_ANALYZER_NONNULL = YES;
				CLANG_ANALYZER_NUMBER_OBJECT_CONVERSION = YES_AGGRESSIVE;
				CLANG_CXX_LANGUAGE_STANDARD = "gnu++14";
				CLANG_CXX_LIBRARY = "libc++";
				CLANG_ENABLE_MODULES = YES;
				CLANG_ENABLE_OBJC_ARC = YES;
				CLANG_ENABLE_OBJC_WEAK = YES;
				CLANG_WARN_BLOCK_CAPTURE_AUTORELEASING = YES;
				CLANG_WARN_BOOL_CONVERSION = YES;
				CLANG_WARN_COMMA = YES;
				CLANG_WARN_CONSTANT_CONVERSION = YES;
				CLANG_WARN_DEPRECATED_OBJC_IMPLEMENTATIONS = YES;
				CLANG_WARN_DIRECT_OBJC_ISA_USAGE = YES_ERROR;
				CLANG_WARN_DOCUMENTATION_COMMENTS = YES;
				CLANG_WARN_EMPTY_BODY = YES;
				CLANG_WARN_ENUM_CONVERSION = YES;
				CLANG_WARN_INFINITE_RECURSION = YES;
				CLANG_WARN_INT_CONVERSION = YES;
				CLANG_WARN_NON_LITERAL_NULL_CONVERSION = YES;
				CLANG_WARN_OBJC_IMPLICIT_RETAIN_SELF = YES;
				CLANG_WARN_OBJC_LITERAL_CONVERSION = YES;
				CLANG_WARN_OBJC_ROOT_CLASS = YES_ERROR;
				CLANG_WARN_QUOTED_INCLUDE_IN_FRAMEWORK_HEADER = YES;
				CLANG_WARN_RANGE_LOOP_ANALYSIS = YES;
				CLANG_WARN_STRICT_PROTOTYPES = YES;
				CLANG_WARN_SUSPICIOUS_MOVE = YES;
				CLANG_WARN_UNGUARDED_AVAILABILITY = YES_AGGRESSIVE;
				CLANG_WARN_UNREACHABLE_CODE = YES;
				CLANG_WARN__DUPLICATE_METHOD_MATCH = YES;
				COPY_PHASE_STRIP = NO;
				DEBUG_INFORMATION_FORMAT = "dwarf-with-dsym";
				ENABLE_NS_ASSERTIONS = NO;
				ENABLE_STRICT_OBJC_MSGSEND = YES;
				GCC_C_LANGUAGE_STANDARD = gnu11;
				GCC_NO_COMMON_BLOCKS = YES;
				GCC_WARN_64_TO_32_BIT_CONVERSION = YES;
				GCC_WARN_ABOUT_RETURN_TYPE = YES_ERROR;
				GCC_WARN_UNDECLARED_SELECTOR = YES;
				GCC_WARN_UNINITIALIZED_AUTOS = YES_AGGRESSIVE;
				GCC_WARN_UNUSED_FUNCTION = YES;
				GCC_WARN_UNUSED_VARIABLE = YES;
				IPHONEOS_DEPLOYMENT_TARGET = 14.4;
				MTL_ENABLE_DEBUG_INFO = NO;
				MTL_FAST_MATH = YES;
				SDKROOT = iphoneos;
				SWIFT_COMPILATION_MODE = wholemodule;
				SWIFT_OPTIMIZATION_LEVEL = "-O";
				VALIDATE_PRODUCT = YES;
			};
			name = Release;
		};
		FEB6A77526462D1D00E200BB /* Debug */ = {
			isa = XCBuildConfiguration;
			buildSettings = {
				ASSETCATALOG_COMPILER_APPICON_NAME = AppIcon;
				ASSETCATALOG_COMPILER_GLOBAL_ACCENT_COLOR_NAME = AccentColor;
				CODE_SIGN_STYLE = Automatic;
				DEVELOPMENT_ASSET_PATHS = "\"Fructus/Preview Content\"";
				ENABLE_PREVIEWS = YES;
				INFOPLIST_FILE = Fructus/Info.plist;
				IPHONEOS_DEPLOYMENT_TARGET = 14.0;
				LD_RUNPATH_SEARCH_PATHS = (
					"$(inherited)",
					"@executable_path/Frameworks",
				);
				PRODUCT_BUNDLE_IDENTIFIER = com.JacobChen.Fructus;
				PRODUCT_NAME = "$(TARGET_NAME)";
				SWIFT_VERSION = 5.0;
				TARGETED_DEVICE_FAMILY = "1,2";
			};
			name = Debug;
		};
		FEB6A77626462D1D00E200BB /* Release */ = {
			isa = XCBuildConfiguration;
			buildSettings = {
				ASSETCATALOG_COMPILER_APPICON_NAME = AppIcon;
				ASSETCATALOG_COMPILER_GLOBAL_ACCENT_COLOR_NAME = AccentColor;
				CODE_SIGN_STYLE = Automatic;
				DEVELOPMENT_ASSET_PATHS = "\"Fructus/Preview Content\"";
				ENABLE_PREVIEWS = YES;
				INFOPLIST_FILE = Fructus/Info.plist;
				IPHONEOS_DEPLOYMENT_TARGET = 14.0;
				LD_RUNPATH_SEARCH_PATHS = (
					"$(inherited)",
					"@executable_path/Frameworks",
				);
				PRODUCT_BUNDLE_IDENTIFIER = com.JacobChen.Fructus;
				PRODUCT_NAME = "$(TARGET_NAME)";
				SWIFT_VERSION = 5.0;
				TARGETED_DEVICE_FAMILY = "1,2";
			};
			name = Release;
		};
/* End XCBuildConfiguration section */

/* Begin XCConfigurationList section */
		FEB6A76026462D1A00E200BB /* Build configuration list for PBXProject "Fructus" */ = {
			isa = XCConfigurationList;
			buildConfigurations = (
				FEB6A77226462D1D00E200BB /* Debug */,
				FEB6A77326462D1D00E200BB /* Release */,
			);
			defaultConfigurationIsVisible = 0;
			defaultConfigurationName = Release;
		};
		FEB6A77426462D1D00E200BB /* Build configuration list for PBXNativeTarget "Fructus" */ = {
			isa = XCConfigurationList;
			buildConfigurations = (
				FEB6A77526462D1D00E200BB /* Debug */,
				FEB6A77626462D1D00E200BB /* Release */,
			);
			defaultConfigurationIsVisible = 0;
			defaultConfigurationName = Release;
		};
/* End XCConfigurationList section */
	};
	rootObject = FEB6A75D26462D1A00E200BB /* Project object */;
}
